
Microsoft Visual Studio Solution File, Format Version 12.00
# Visual Studio Version 16
VisualStudioVersion = 16.0.29326.143
MinimumVisualStudioVersion = 10.0.40219.1
Project("{FAE04EC0-301F-11D3-BF4B-00C04F79EFBC}") = "PencilItIn", "PencilItIn\PencilItIn.csproj", "{5F22557A-B51A-40B1-9933-FABA8D0B5541}"
EndProject
Global
	GlobalSection(SolutionConfigurationPlatforms) = preSolution
		Debug|Any CPU = Debug|Any CPU
		Release|Any CPU = Release|Any CPU
	EndGlobalSection
	GlobalSection(ProjectConfigurationPlatforms) = postSolution
		{5F22557A-B51A-40B1-9933-FABA8D0B5541}.Debug|Any CPU.ActiveCfg = Debug|Any CPU
		{5F22557A-B51A-40B1-9933-FABA8D0B5541}.Debug|Any CPU.Build.0 = Debug|Any CPU
		{5F22557A-B51A-40B1-9933-FABA8D0B5541}.Release|Any CPU.ActiveCfg = Release|Any CPU
		{5F22557A-B51A-40B1-9933-FABA8D0B5541}.Release|Any CPU.Build.0 = Release|Any CPU
	EndGlobalSection
	GlobalSection(SolutionProperties) = preSolution
		HideSolutionNode = FALSE
	EndGlobalSection
	GlobalSection(ExtensibilityGlobals) = postSolution
		SolutionGuid = {54025A4B-797A-4FB5-B212-E22E29A1D3E9}
	EndGlobalSection
EndGlobal
